
Microsoft Visual Studio Solution File, Format Version 12.00
# Visual Studio 15
VisualStudioVersion = 15.0.27703.2026
MinimumVisualStudioVersion = 10.0.40219.1
Project("{FAE04EC0-301F-11D3-BF4B-00C04F79EFBC}") = "ChatConsole", "ChatConsole\ChatConsole.csproj", "{0FEF1F55-B407-4382-9802-A8D1CDA89016}"
EndProject
Global
	GlobalSection(SolutionConfigurationPlatforms) = preSolution
		Debug|Any CPU = Debug|Any CPU
		Release|Any CPU = Release|Any CPU
	EndGlobalSection
	GlobalSection(ProjectConfigurationPlatforms) = postSolution
		{0FEF1F55-B407-4382-9802-A8D1CDA89016}.Debug|Any CPU.ActiveCfg = Debug|Any CPU
		{0FEF1F55-B407-4382-9802-A8D1CDA89016}.Debug|Any CPU.Build.0 = Debug|Any CPU
		{0FEF1F55-B407-4382-9802-A8D1CDA89016}.Release|Any CPU.ActiveCfg = Release|Any CPU
		{0FEF1F55-B407-4382-9802-A8D1CDA89016}.Release|Any CPU.Build.0 = Release|Any CPU
	EndGlobalSection
	GlobalSection(SolutionProperties) = preSolution
		HideSolutionNode = FALSE
	EndGlobalSection
	GlobalSection(ExtensibilityGlobals) = postSolution
		SolutionGuid = {D69F312D-640F-42E9-AABA-4383017C2A01}
	EndGlobalSection
EndGlobal
